// !$*UTF8*$!
{
	archiveVersion = 1;
	classes = {
	};
	objectVersion = 50;
	objects = {

/* Begin PBXBuildFile section */
		281550E922AB162400B9BEAD /* Enemy_2.atlas in Resources */ = {isa = PBXBuildFile; fileRef = 281550E822AB162400B9BEAD /* Enemy_2.atlas */; };
		281550EB22ADB3F400B9BEAD /* BluePowerUp.atlas in Resources */ = {isa = PBXBuildFile; fileRef = 281550EA22ADB3F400B9BEAD /* BluePowerUp.atlas */; };
		281550ED22ADB84300B9BEAD /* BluePowerUp.swift in Sources */ = {isa = PBXBuildFile; fileRef = 281550EC22ADB84300B9BEAD /* BluePowerUp.swift */; };
		281550EF22ADB85000B9BEAD /* GreenPowerUp.swift in Sources */ = {isa = PBXBuildFile; fileRef = 281550EE22ADB85000B9BEAD /* GreenPowerUp.swift */; };
		281550F222ADBF4000B9BEAD /* Shot.swift in Sources */ = {isa = PBXBuildFile; fileRef = 281550F122ADBF4000B9BEAD /* Shot.swift */; };
		281550F422ADC11F00B9BEAD /* YellowShot.swift in Sources */ = {isa = PBXBuildFile; fileRef = 281550F322ADC11F00B9BEAD /* YellowShot.swift */; };
		281550F522ADC40E00B9BEAD /* YellowAmmo.atlas in Resources */ = {isa = PBXBuildFile; fileRef = 281550F022ADBEF000B9BEAD /* YellowAmmo.atlas */; };
		281550F722AE58B700B9BEAD /* Assets.swift in Sources */ = {isa = PBXBuildFile; fileRef = 281550F622AE58B700B9BEAD /* Assets.swift */; };
		281550F922AE600500B9BEAD /* MenuScene.swift in Sources */ = {isa = PBXBuildFile; fileRef = 281550F822AE600500B9BEAD /* MenuScene.swift */; };
		2815510122AE751500B9BEAD /* BitMaskCategory.swift in Sources */ = {isa = PBXBuildFile; fileRef = 2815510022AE751500B9BEAD /* BitMaskCategory.swift */; };
		2848ECD122B3D79100F3C4B5 /* SceneManager.swift in Sources */ = {isa = PBXBuildFile; fileRef = 2848ECD022B3D79100F3C4B5 /* SceneManager.swift */; };
		28679BD622B659D800CFD39E /* ParentScene.swift in Sources */ = {isa = PBXBuildFile; fileRef = 28679BD522B659D800CFD39E /* ParentScene.swift */; };
		28679BD822B65DC200CFD39E /* OptionScene.swift in Sources */ = {isa = PBXBuildFile; fileRef = 28679BD722B65DC200CFD39E /* OptionScene.swift */; };
		28679BDA22B6676A00CFD39E /* BestScene.swift in Sources */ = {isa = PBXBuildFile; fileRef = 28679BD922B6676A00CFD39E /* BestScene.swift */; };
		28679BDD22B6826E00CFD39E /* enemyExposion.sks in Resources */ = {isa = PBXBuildFile; fileRef = 28679BDB22B6826E00CFD39E /* enemyExposion.sks */; };
		28679BDE22B6826E00CFD39E /* Assets.xcassets in Resources */ = {isa = PBXBuildFile; fileRef = 28679BDC22B6826E00CFD39E /* Assets.xcassets */; };
		28679BE122B692F300CFD39E /* GameOverScene.swift in Sources */ = {isa = PBXBuildFile; fileRef = 28679BE022B692F300CFD39E /* GameOverScene.swift */; };
		28679BE722B6C70E00CFD39E /* backgroundMusic.m4a in Resources */ = {isa = PBXBuildFile; fileRef = 28679BE522B6C4C200CFD39E /* backgroundMusic.m4a */; };
		28679BE822B6C71000CFD39E /* hitSound.wav in Resources */ = {isa = PBXBuildFile; fileRef = 28679BE622B6C4C200CFD39E /* hitSound.wav */; };
		28679BEA22B6C84200CFD39E /* GameSettings.swift in Sources */ = {isa = PBXBuildFile; fileRef = 28679BE922B6C84200CFD39E /* GameSettings.swift */; };
		286AA0DF22A296F30031682C /* AppDelegate.swift in Sources */ = {isa = PBXBuildFile; fileRef = 286AA0DE22A296F30031682C /* AppDelegate.swift */; };
		286AA0E522A296F30031682C /* GameScene.swift in Sources */ = {isa = PBXBuildFile; fileRef = 286AA0E422A296F30031682C /* GameScene.swift */; };
		286AA0E722A296F30031682C /* GameViewController.swift in Sources */ = {isa = PBXBuildFile; fileRef = 286AA0E622A296F30031682C /* GameViewController.swift */; };
		286AA0EA22A296F30031682C /* Main.storyboard in Resources */ = {isa = PBXBuildFile; fileRef = 286AA0E822A296F30031682C /* Main.storyboard */; };
		286AA0EC22A296F80031682C /* Assets.xcassets in Resources */ = {isa = PBXBuildFile; fileRef = 286AA0EB22A296F80031682C /* Assets.xcassets */; };
		286AA0EF22A296F80031682C /* LaunchScreen.storyboard in Resources */ = {isa = PBXBuildFile; fileRef = 286AA0ED22A296F80031682C /* LaunchScreen.storyboard */; };
		286AA0FA22A296F80031682C /* WarFlyTests.swift in Sources */ = {isa = PBXBuildFile; fileRef = 286AA0F922A296F80031682C /* WarFlyTests.swift */; };
		286AA10522A296F80031682C /* WarFlyUITests.swift in Sources */ = {isa = PBXBuildFile; fileRef = 286AA10422A296F80031682C /* WarFlyUITests.swift */; };
		286AA11322A29AFB0031682C /* Background.swift in Sources */ = {isa = PBXBuildFile; fileRef = 286AA11222A29AFB0031682C /* Background.swift */; };
		286AA11522A2A0A50031682C /* Island.swift in Sources */ = {isa = PBXBuildFile; fileRef = 286AA11422A2A0A50031682C /* Island.swift */; };
		286AA11722A2C53B0031682C /* Clouds.swift in Sources */ = {isa = PBXBuildFile; fileRef = 286AA11622A2C53B0031682C /* Clouds.swift */; };
		286AA11922A2DE820031682C /* PlayerPlane.swift in Sources */ = {isa = PBXBuildFile; fileRef = 286AA11822A2DE820031682C /* PlayerPlane.swift */; };
		286AA11B22A2E0F30031682C /* PlayerPlane.atlas in Resources */ = {isa = PBXBuildFile; fileRef = 286AA11A22A2E0F30031682C /* PlayerPlane.atlas */; };
		286AA11D22A32D9E0031682C /* GameBackgroundSpritable + Extension.swift in Sources */ = {isa = PBXBuildFile; fileRef = 286AA11C22A32D9E0031682C /* GameBackgroundSpritable + Extension.swift */; };
		286AA11F22A41A200031682C /* PowerUp.swift in Sources */ = {isa = PBXBuildFile; fileRef = 286AA11E22A41A200031682C /* PowerUp.swift */; };
		2890060D22B04EB20074192E /* HUD.swift in Sources */ = {isa = PBXBuildFile; fileRef = 2890060C22B04EB20074192E /* HUD.swift */; };
		2895E9AB22B2EF7800A72396 /* Default-568h@2x.png in Resources */ = {isa = PBXBuildFile; fileRef = 2895E9AA22B2EF7800A72396 /* Default-568h@2x.png */; };
		2895E9AD22B2F2DB00A72396 /* GreenPowerUp.atlas in Resources */ = {isa = PBXBuildFile; fileRef = 2895E9AC22B2F2DB00A72396 /* GreenPowerUp.atlas */; };
		2895E9AF22B2FB5000A72396 /* ButtonNode.swift in Sources */ = {isa = PBXBuildFile; fileRef = 2895E9AE22B2FB5000A72396 /* ButtonNode.swift */; };
		2895E9B122B3017400A72396 /* PauseScene.swift in Sources */ = {isa = PBXBuildFile; fileRef = 2895E9B022B3017400A72396 /* PauseScene.swift */; };
		28A1449D22A5D5DA001CE69F /* Enemy.swift in Sources */ = {isa = PBXBuildFile; fileRef = 28A1449C22A5D5DA001CE69F /* Enemy.swift */; };
		28A1449E22A5D9AC001CE69F /* Enemy_1.atlas in Resources */ = {isa = PBXBuildFile; fileRef = 28A1449B22A5D533001CE69F /* Enemy_1.atlas */; };
/* End PBXBuildFile section */

/* Begin PBXContainerItemProxy section */
		286AA0F622A296F80031682C /* PBXContainerItemProxy */ = {
			isa = PBXContainerItemProxy;
			containerPortal = 286AA0D322A296F30031682C /* Project object */;
			proxyType = 1;
			remoteGlobalIDString = 286AA0DA22A296F30031682C;
			remoteInfo = WarFly;
		};
		286AA10122A296F80031682C /* PBXContainerItemProxy */ = {
			isa = PBXContainerItemProxy;
			containerPortal = 286AA0D322A296F30031682C /* Project object */;
			proxyType = 1;
			remoteGlobalIDString = 286AA0DA22A296F30031682C;
			remoteInfo = WarFly;
		};
/* End PBXContainerItemProxy section */

/* Begin PBXFileReference section */
		281550E822AB162400B9BEAD /* Enemy_2.atlas */ = {isa = PBXFileReference; lastKnownFileType = folder.skatlas; path = Enemy_2.atlas; sourceTree = "<group>"; };
		281550EA22ADB3F400B9BEAD /* BluePowerUp.atlas */ = {isa = PBXFileReference; lastKnownFileType = folder.skatlas; path = BluePowerUp.atlas; sourceTree = "<group>"; };
		281550EC22ADB84300B9BEAD /* BluePowerUp.swift */ = {isa = PBXFileReference; lastKnownFileType = sourcecode.swift; path = BluePowerUp.swift; sourceTree = "<group>"; };
		281550EE22ADB85000B9BEAD /* GreenPowerUp.swift */ = {isa = PBXFileReference; lastKnownFileType = sourcecode.swift; path = GreenPowerUp.swift; sourceTree = "<group>"; };
		281550F022ADBEF000B9BEAD /* YellowAmmo.atlas */ = {isa = PBXFileReference; lastKnownFileType = folder.skatlas; path = YellowAmmo.atlas; sourceTree = "<group>"; };
		281550F122ADBF4000B9BEAD /* Shot.swift */ = {isa = PBXFileReference; lastKnownFileType = sourcecode.swift; path = Shot.swift; sourceTree = "<group>"; };
		281550F322ADC11F00B9BEAD /* YellowShot.swift */ = {isa = PBXFileReference; lastKnownFileType = sourcecode.swift; path = YellowShot.swift; sourceTree = "<group>"; };
		281550F622AE58B700B9BEAD /* Assets.swift */ = {isa = PBXFileReference; lastKnownFileType = sourcecode.swift; path = Assets.swift; sourceTree = "<group>"; };
		281550F822AE600500B9BEAD /* MenuScene.swift */ = {isa = PBXFileReference; lastKnownFileType = sourcecode.swift; path = MenuScene.swift; sourceTree = "<group>"; };
		2815510022AE751500B9BEAD /* BitMaskCategory.swift */ = {isa = PBXFileReference; lastKnownFileType = sourcecode.swift; path = BitMaskCategory.swift; sourceTree = "<group>"; };
		2848ECD022B3D79100F3C4B5 /* SceneManager.swift */ = {isa = PBXFileReference; lastKnownFileType = sourcecode.swift; path = SceneManager.swift; sourceTree = "<group>"; };
		28679BD522B659D800CFD39E /* ParentScene.swift */ = {isa = PBXFileReference; lastKnownFileType = sourcecode.swift; path = ParentScene.swift; sourceTree = "<group>"; };
		28679BD722B65DC200CFD39E /* OptionScene.swift */ = {isa = PBXFileReference; lastKnownFileType = sourcecode.swift; path = OptionScene.swift; sourceTree = "<group>"; };
		28679BD922B6676A00CFD39E /* BestScene.swift */ = {isa = PBXFileReference; lastKnownFileType = sourcecode.swift; path = BestScene.swift; sourceTree = "<group>"; };
		28679BDB22B6826E00CFD39E /* enemyExposion.sks */ = {isa = PBXFileReference; lastKnownFileType = file.sks; path = enemyExposion.sks; sourceTree = "<group>"; };
		28679BDC22B6826E00CFD39E /* Assets.xcassets */ = {isa = PBXFileReference; lastKnownFileType = folder.assetcatalog; path = Assets.xcassets; sourceTree = "<group>"; };
		28679BE022B692F300CFD39E /* GameOverScene.swift */ = {isa = PBXFileReference; lastKnownFileType = sourcecode.swift; path = GameOverScene.swift; sourceTree = "<group>"; };
		28679BE522B6C4C200CFD39E /* backgroundMusic.m4a */ = {isa = PBXFileReference; lastKnownFileType = file; path = backgroundMusic.m4a; sourceTree = "<group>"; };
		28679BE622B6C4C200CFD39E /* hitSound.wav */ = {isa = PBXFileReference; lastKnownFileType = audio.wav; path = hitSound.wav; sourceTree = "<group>"; };
		28679BE922B6C84200CFD39E /* GameSettings.swift */ = {isa = PBXFileReference; lastKnownFileType = sourcecode.swift; path = GameSettings.swift; sourceTree = "<group>"; };
		286AA0DB22A296F30031682C /* WarFly.app */ = {isa = PBXFileReference; explicitFileType = wrapper.application; includeInIndex = 0; path = WarFly.app; sourceTree = BUILT_PRODUCTS_DIR; };
		286AA0DE22A296F30031682C /* AppDelegate.swift */ = {isa = PBXFileReference; lastKnownFileType = sourcecode.swift; path = AppDelegate.swift; sourceTree = "<group>"; };
		286AA0E422A296F30031682C /* GameScene.swift */ = {isa = PBXFileReference; lastKnownFileType = sourcecode.swift; path = GameScene.swift; sourceTree = "<group>"; };
		286AA0E622A296F30031682C /* GameViewController.swift */ = {isa = PBXFileReference; lastKnownFileType = sourcecode.swift; path = GameViewController.swift; sourceTree = "<group>"; };
		286AA0E922A296F30031682C /* Base */ = {isa = PBXFileReference; lastKnownFileType = file.storyboard; name = Base; path = Base.lproj/Main.storyboard; sourceTree = "<group>"; };
		286AA0EB22A296F80031682C /* Assets.xcassets */ = {isa = PBXFileReference; lastKnownFileType = folder.assetcatalog; path = Assets.xcassets; sourceTree = "<group>"; };
		286AA0EE22A296F80031682C /* Base */ = {isa = PBXFileReference; lastKnownFileType = file.storyboard; name = Base; path = Base.lproj/LaunchScreen.storyboard; sourceTree = "<group>"; };
		286AA0F022A296F80031682C /* Info.plist */ = {isa = PBXFileReference; lastKnownFileType = text.plist.xml; path = Info.plist; sourceTree = "<group>"; };
		286AA0F522A296F80031682C /* WarFlyTests.xctest */ = {isa = PBXFileReference; explicitFileType = wrapper.cfbundle; includeInIndex = 0; path = WarFlyTests.xctest; sourceTree = BUILT_PRODUCTS_DIR; };
		286AA0F922A296F80031682C /* WarFlyTests.swift */ = {isa = PBXFileReference; lastKnownFileType = sourcecode.swift; path = WarFlyTests.swift; sourceTree = "<group>"; };
		286AA0FB22A296F80031682C /* Info.plist */ = {isa = PBXFileReference; lastKnownFileType = text.plist.xml; path = Info.plist; sourceTree = "<group>"; };
		286AA10022A296F80031682C /* WarFlyUITests.xctest */ = {isa = PBXFileReference; explicitFileType = wrapper.cfbundle; includeInIndex = 0; path = WarFlyUITests.xctest; sourceTree = BUILT_PRODUCTS_DIR; };
		286AA10422A296F80031682C /* WarFlyUITests.swift */ = {isa = PBXFileReference; lastKnownFileType = sourcecode.swift; path = WarFlyUITests.swift; sourceTree = "<group>"; };
		286AA10622A296F80031682C /* Info.plist */ = {isa = PBXFileReference; lastKnownFileType = text.plist.xml; path = Info.plist; sourceTree = "<group>"; };
		286AA11222A29AFB0031682C /* Background.swift */ = {isa = PBXFileReference; lastKnownFileType = sourcecode.swift; path = Background.swift; sourceTree = "<group>"; };
		286AA11422A2A0A50031682C /* Island.swift */ = {isa = PBXFileReference; lastKnownFileType = sourcecode.swift; path = Island.swift; sourceTree = "<group>"; };
		286AA11622A2C53B0031682C /* Clouds.swift */ = {isa = PBXFileReference; lastKnownFileType = sourcecode.swift; path = Clouds.swift; sourceTree = "<group>"; };
		286AA11822A2DE820031682C /* PlayerPlane.swift */ = {isa = PBXFileReference; lastKnownFileType = sourcecode.swift; path = PlayerPlane.swift; sourceTree = "<group>"; };
		286AA11A22A2E0F30031682C /* PlayerPlane.atlas */ = {isa = PBXFileReference; lastKnownFileType = folder.skatlas; path = PlayerPlane.atlas; sourceTree = "<group>"; };
		286AA11C22A32D9E0031682C /* GameBackgroundSpritable + Extension.swift */ = {isa = PBXFileReference; lastKnownFileType = sourcecode.swift; path = "GameBackgroundSpritable + Extension.swift"; sourceTree = "<group>"; };
		286AA11E22A41A200031682C /* PowerUp.swift */ = {isa = PBXFileReference; lastKnownFileType = sourcecode.swift; path = PowerUp.swift; sourceTree = "<group>"; };
		2890060C22B04EB20074192E /* HUD.swift */ = {isa = PBXFileReference; lastKnownFileType = sourcecode.swift; path = HUD.swift; sourceTree = "<group>"; };
		2895E9AA22B2EF7800A72396 /* Default-568h@2x.png */ = {isa = PBXFileReference; lastKnownFileType = image.png; path = "Default-568h@2x.png"; sourceTree = "<group>"; };
		2895E9AC22B2F2DB00A72396 /* GreenPowerUp.atlas */ = {isa = PBXFileReference; lastKnownFileType = folder.skatlas; path = GreenPowerUp.atlas; sourceTree = "<group>"; };
		2895E9AE22B2FB5000A72396 /* ButtonNode.swift */ = {isa = PBXFileReference; lastKnownFileType = sourcecode.swift; path = ButtonNode.swift; sourceTree = "<group>"; };
		2895E9B022B3017400A72396 /* PauseScene.swift */ = {isa = PBXFileReference; lastKnownFileType = sourcecode.swift; path = PauseScene.swift; sourceTree = "<group>"; };
		28A1449B22A5D533001CE69F /* Enemy_1.atlas */ = {isa = PBXFileReference; lastKnownFileType = folder.skatlas; path = Enemy_1.atlas; sourceTree = "<group>"; };
		28A1449C22A5D5DA001CE69F /* Enemy.swift */ = {isa = PBXFileReference; lastKnownFileType = sourcecode.swift; path = Enemy.swift; sourceTree = "<group>"; };
/* End PBXFileReference section */

/* Begin PBXFrameworksBuildPhase section */
		286AA0D822A296F30031682C /* Frameworks */ = {
			isa = PBXFrameworksBuildPhase;
			buildActionMask = 2147483647;
			files = (
			);
			runOnlyForDeploymentPostprocessing = 0;
		};
		286AA0F222A296F80031682C /* Frameworks */ = {
			isa = PBXFrameworksBuildPhase;
			buildActionMask = 2147483647;
			files = (
			);
			runOnlyForDeploymentPostprocessing = 0;
		};
		286AA0FD22A296F80031682C /* Frameworks */ = {
			isa = PBXFrameworksBuildPhase;
			buildActionMask = 2147483647;
			files = (
			);
			runOnlyForDeploymentPostprocessing = 0;
		};
/* End PBXFrameworksBuildPhase section */

/* Begin PBXGroup section */
		28679BDF22B6828000CFD39E /* Parcticals */ = {
			isa = PBXGroup;
			children = (
				28679BDB22B6826E00CFD39E /* enemyExposion.sks */,
			);
			path = Parcticals;
			sourceTree = "<group>";
		};
		286AA0D222A296F30031682C = {
			isa = PBXGroup;
			children = (
				286AA0F022A296F80031682C /* Info.plist */,
				2895E9AA22B2EF7800A72396 /* Default-568h@2x.png */,
				286AA0DD22A296F30031682C /* WarFly */,
				286AA0F822A296F80031682C /* WarFlyTests */,
				286AA10322A296F80031682C /* WarFlyUITests */,
				286AA0DC22A296F30031682C /* Products */,
			);
			sourceTree = "<group>";
		};
		286AA0DC22A296F30031682C /* Products */ = {
			isa = PBXGroup;
			children = (
				286AA0DB22A296F30031682C /* WarFly.app */,
				286AA0F522A296F80031682C /* WarFlyTests.xctest */,
				286AA10022A296F80031682C /* WarFlyUITests.xctest */,
			);
			name = Products;
			sourceTree = "<group>";
		};
		286AA0DD22A296F30031682C /* WarFly */ = {
			isa = PBXGroup;
			children = (
				28679BDF22B6828000CFD39E /* Parcticals */,
				2890061322B0535C0074192E /* Managers */,
				2890061422B053710074192E /* Scenes */,
				2890061222B053310074192E /* Classes */,
				2890061122B052E20074192E /* protocol+Extension */,
				2890060F22B0525E0074192E /* Controllers */,
				2890061022B052AF0074192E /* Assets */,
				2890060E22B052210074192E /* supportingFiles */,
			);
			path = WarFly;
			sourceTree = "<group>";
		};
		286AA0F822A296F80031682C /* WarFlyTests */ = {
			isa = PBXGroup;
			children = (
				286AA0F922A296F80031682C /* WarFlyTests.swift */,
				286AA0FB22A296F80031682C /* Info.plist */,
			);
			path = WarFlyTests;
			sourceTree = "<group>";
		};
		286AA10322A296F80031682C /* WarFlyUITests */ = {
			isa = PBXGroup;
			children = (
				286AA10422A296F80031682C /* WarFlyUITests.swift */,
				286AA10622A296F80031682C /* Info.plist */,
			);
			path = WarFlyUITests;
			sourceTree = "<group>";
		};
		2890060E22B052210074192E /* supportingFiles */ = {
			isa = PBXGroup;
			children = (
				286AA0DE22A296F30031682C /* AppDelegate.swift */,
				28679BE522B6C4C200CFD39E /* backgroundMusic.m4a */,
				28679BE622B6C4C200CFD39E /* hitSound.wav */,
				286AA0E822A296F30031682C /* Main.storyboard */,
				286AA0ED22A296F80031682C /* LaunchScreen.storyboard */,
				286AA0EB22A296F80031682C /* Assets.xcassets */,
			);
			path = supportingFiles;
			sourceTree = "<group>";
		};
		2890060F22B0525E0074192E /* Controllers */ = {
			isa = PBXGroup;
			children = (
				286AA0E622A296F30031682C /* GameViewController.swift */,
			);
			path = Controllers;
			sourceTree = "<group>";
		};
		2890061022B052AF0074192E /* Assets */ = {
			isa = PBXGroup;
			children = (
				2895E9AC22B2F2DB00A72396 /* GreenPowerUp.atlas */,
				281550F022ADBEF000B9BEAD /* YellowAmmo.atlas */,
				281550E822AB162400B9BEAD /* Enemy_2.atlas */,
				28A1449B22A5D533001CE69F /* Enemy_1.atlas */,
				286AA11A22A2E0F30031682C /* PlayerPlane.atlas */,
				281550EA22ADB3F400B9BEAD /* BluePowerUp.atlas */,
			);
			path = Assets;
			sourceTree = "<group>";
		};
		2890061122B052E20074192E /* protocol+Extension */ = {
			isa = PBXGroup;
			children = (
				286AA11C22A32D9E0031682C /* GameBackgroundSpritable + Extension.swift */,
			);
			path = "protocol+Extension";
			sourceTree = "<group>";
		};
		2890061222B053310074192E /* Classes */ = {
			isa = PBXGroup;
			children = (
				2895E9AE22B2FB5000A72396 /* ButtonNode.swift */,
				2890060C22B04EB20074192E /* HUD.swift */,
				286AA11822A2DE820031682C /* PlayerPlane.swift */,
				28A1449C22A5D5DA001CE69F /* Enemy.swift */,
				281550F122ADBF4000B9BEAD /* Shot.swift */,
				281550F322ADC11F00B9BEAD /* YellowShot.swift */,
				286AA11222A29AFB0031682C /* Background.swift */,
				286AA11422A2A0A50031682C /* Island.swift */,
				286AA11622A2C53B0031682C /* Clouds.swift */,
				286AA11E22A41A200031682C /* PowerUp.swift */,
				281550EC22ADB84300B9BEAD /* BluePowerUp.swift */,
				281550EE22ADB85000B9BEAD /* GreenPowerUp.swift */,
			);
			path = Classes;
			sourceTree = "<group>";
		};
		2890061322B0535C0074192E /* Managers */ = {
			isa = PBXGroup;
			children = (
				281550F622AE58B700B9BEAD /* Assets.swift */,
				2815510022AE751500B9BEAD /* BitMaskCategory.swift */,
				28679BE922B6C84200CFD39E /* GameSettings.swift */,
			);
			path = Managers;
			sourceTree = "<group>";
		};
		2890061422B053710074192E /* Scenes */ = {
			isa = PBXGroup;
			children = (
				28679BD522B659D800CFD39E /* ParentScene.swift */,
				286AA0E422A296F30031682C /* GameScene.swift */,
				28679BE022B692F300CFD39E /* GameOverScene.swift */,
				28679BDC22B6826E00CFD39E /* Assets.xcassets */,
				281550F822AE600500B9BEAD /* MenuScene.swift */,
				28679BD722B65DC200CFD39E /* OptionScene.swift */,
				2895E9B022B3017400A72396 /* PauseScene.swift */,
				2848ECD022B3D79100F3C4B5 /* SceneManager.swift */,
				28679BD922B6676A00CFD39E /* BestScene.swift */,
			);
			path = Scenes;
			sourceTree = "<group>";
		};
/* End PBXGroup section */

/* Begin PBXNativeTarget section */
		286AA0DA22A296F30031682C /* WarFly */ = {
			isa = PBXNativeTarget;
			buildConfigurationList = 286AA10922A296F80031682C /* Build configuration list for PBXNativeTarget "WarFly" */;
			buildPhases = (
				286AA0D722A296F30031682C /* Sources */,
				286AA0D822A296F30031682C /* Frameworks */,
				286AA0D922A296F30031682C /* Resources */,
			);
			buildRules = (
			);
			dependencies = (
			);
			name = WarFly;
			productName = WarFly;
			productReference = 286AA0DB22A296F30031682C /* WarFly.app */;
			productType = "com.apple.product-type.application";
		};
		286AA0F422A296F80031682C /* WarFlyTests */ = {
			isa = PBXNativeTarget;
			buildConfigurationList = 286AA10C22A296F80031682C /* Build configuration list for PBXNativeTarget "WarFlyTests" */;
			buildPhases = (
				286AA0F122A296F80031682C /* Sources */,
				286AA0F222A296F80031682C /* Frameworks */,
				286AA0F322A296F80031682C /* Resources */,
			);
			buildRules = (
			);
			dependencies = (
				286AA0F722A296F80031682C /* PBXTargetDependency */,
			);
			name = WarFlyTests;
			productName = WarFlyTests;
			productReference = 286AA0F522A296F80031682C /* WarFlyTests.xctest */;
			productType = "com.apple.product-type.bundle.unit-test";
		};
		286AA0FF22A296F80031682C /* WarFlyUITests */ = {
			isa = PBXNativeTarget;
			buildConfigurationList = 286AA10F22A296F80031682C /* Build configuration list for PBXNativeTarget "WarFlyUITests" */;
			buildPhases = (
				286AA0FC22A296F80031682C /* Sources */,
				286AA0FD22A296F80031682C /* Frameworks */,
				286AA0FE22A296F80031682C /* Resources */,
			);
			buildRules = (
			);
			dependencies = (
				286AA10222A296F80031682C /* PBXTargetDependency */,
			);
			name = WarFlyUITests;
			productName = WarFlyUITests;
			productReference = 286AA10022A296F80031682C /* WarFlyUITests.xctest */;
			productType = "com.apple.product-type.bundle.ui-testing";
		};
/* End PBXNativeTarget section */

/* Begin PBXProject section */
		286AA0D322A296F30031682C /* Project object */ = {
			isa = PBXProject;
			attributes = {
				LastSwiftUpdateCheck = 1020;
				LastUpgradeCheck = 1020;
				ORGANIZATIONNAME = dmitrii;
				TargetAttributes = {
					286AA0DA22A296F30031682C = {
						CreatedOnToolsVersion = 10.2;
					};
					286AA0F422A296F80031682C = {
						CreatedOnToolsVersion = 10.2;
						TestTargetID = 286AA0DA22A296F30031682C;
					};
					286AA0FF22A296F80031682C = {
						CreatedOnToolsVersion = 10.2;
						TestTargetID = 286AA0DA22A296F30031682C;
					};
				};
			};
			buildConfigurationList = 286AA0D622A296F30031682C /* Build configuration list for PBXProject "WarFly" */;
			compatibilityVersion = "Xcode 9.3";
			developmentRegion = en;
			hasScannedForEncodings = 0;
			knownRegions = (
				en,
				Base,
			);
			mainGroup = 286AA0D222A296F30031682C;
			productRefGroup = 286AA0DC22A296F30031682C /* Products */;
			projectDirPath = "";
			projectRoot = "";
			targets = (
				286AA0DA22A296F30031682C /* WarFly */,
				286AA0F422A296F80031682C /* WarFlyTests */,
				286AA0FF22A296F80031682C /* WarFlyUITests */,
			);
		};
/* End PBXProject section */

/* Begin PBXResourcesBuildPhase section */
		286AA0D922A296F30031682C /* Resources */ = {
			isa = PBXResourcesBuildPhase;
			buildActionMask = 2147483647;
			files = (
				281550E922AB162400B9BEAD /* Enemy_2.atlas in Resources */,
				28A1449E22A5D9AC001CE69F /* Enemy_1.atlas in Resources */,
				28679BE722B6C70E00CFD39E /* backgroundMusic.m4a in Resources */,
				2895E9AB22B2EF7800A72396 /* Default-568h@2x.png in Resources */,
				28679BE822B6C71000CFD39E /* hitSound.wav in Resources */,
				286AA0EA22A296F30031682C /* Main.storyboard in Resources */,
				28679BDD22B6826E00CFD39E /* enemyExposion.sks in Resources */,
				281550F522ADC40E00B9BEAD /* YellowAmmo.atlas in Resources */,
				286AA11B22A2E0F30031682C /* PlayerPlane.atlas in Resources */,
				2895E9AD22B2F2DB00A72396 /* GreenPowerUp.atlas in Resources */,
				286AA0EC22A296F80031682C /* Assets.xcassets in Resources */,
				281550EB22ADB3F400B9BEAD /* BluePowerUp.atlas in Resources */,
				28679BDE22B6826E00CFD39E /* Assets.xcassets in Resources */,
				286AA0EF22A296F80031682C /* LaunchScreen.storyboard in Resources */,
			);
			runOnlyForDeploymentPostprocessing = 0;
		};
		286AA0F322A296F80031682C /* Resources */ = {
			isa = PBXResourcesBuildPhase;
			buildActionMask = 2147483647;
			files = (
			);
			runOnlyForDeploymentPostprocessing = 0;
		};
		286AA0FE22A296F80031682C /* Resources */ = {
			isa = PBXResourcesBuildPhase;
			buildActionMask = 2147483647;
			files = (
			);
			runOnlyForDeploymentPostprocessing = 0;
		};
/* End PBXResourcesBuildPhase section */

/* Begin PBXSourcesBuildPhase section */
		286AA0D722A296F30031682C /* Sources */ = {
			isa = PBXSourcesBuildPhase;
			buildActionMask = 2147483647;
			files = (
				286AA0E522A296F30031682C /* GameScene.swift in Sources */,
				281550F422ADC11F00B9BEAD /* YellowShot.swift in Sources */,
				28679BEA22B6C84200CFD39E /* GameSettings.swift in Sources */,
				286AA11922A2DE820031682C /* PlayerPlane.swift in Sources */,
				286AA0E722A296F30031682C /* GameViewController.swift in Sources */,
				286AA0DF22A296F30031682C /* AppDelegate.swift in Sources */,
				281550ED22ADB84300B9BEAD /* BluePowerUp.swift in Sources */,
				286AA11D22A32D9E0031682C /* GameBackgroundSpritable + Extension.swift in Sources */,
				286AA11722A2C53B0031682C /* Clouds.swift in Sources */,
				281550F722AE58B700B9BEAD /* Assets.swift in Sources */,
				28A1449D22A5D5DA001CE69F /* Enemy.swift in Sources */,
				28679BE122B692F300CFD39E /* GameOverScene.swift in Sources */,
				2848ECD122B3D79100F3C4B5 /* SceneManager.swift in Sources */,
				281550EF22ADB85000B9BEAD /* GreenPowerUp.swift in Sources */,
				286AA11522A2A0A50031682C /* Island.swift in Sources */,
				286AA11F22A41A200031682C /* PowerUp.swift in Sources */,
				28679BDA22B6676A00CFD39E /* BestScene.swift in Sources */,
				2815510122AE751500B9BEAD /* BitMaskCategory.swift in Sources */,
				281550F922AE600500B9BEAD /* MenuScene.swift in Sources */,
				28679BD622B659D800CFD39E /* ParentScene.swift in Sources */,
				2895E9B122B3017400A72396 /* PauseScene.swift in Sources */,
				28679BD822B65DC200CFD39E /* OptionScene.swift in Sources */,
				2890060D22B04EB20074192E /* HUD.swift in Sources */,
				281550F222ADBF4000B9BEAD /* Shot.swift in Sources */,
				286AA11322A29AFB0031682C /* Background.swift in Sources */,
				2895E9AF22B2FB5000A72396 /* ButtonNode.swift in Sources */,
			);
			runOnlyForDeploymentPostprocessing = 0;
		};
		286AA0F122A296F80031682C /* Sources */ = {
			isa = PBXSourcesBuildPhase;
			buildActionMask = 2147483647;
			files = (
				286AA0FA22A296F80031682C /* WarFlyTests.swift in Sources */,
			);
			runOnlyForDeploymentPostprocessing = 0;
		};
		286AA0FC22A296F80031682C /* Sources */ = {
			isa = PBXSourcesBuildPhase;
			buildActionMask = 2147483647;
			files = (
				286AA10522A296F80031682C /* WarFlyUITests.swift in Sources */,
			);
			runOnlyForDeploymentPostprocessing = 0;
		};
/* End PBXSourcesBuildPhase section */

/* Begin PBXTargetDependency section */
		286AA0F722A296F80031682C /* PBXTargetDependency */ = {
			isa = PBXTargetDependency;
			target = 286AA0DA22A296F30031682C /* WarFly */;
			targetProxy = 286AA0F622A296F80031682C /* PBXContainerItemProxy */;
		};
		286AA10222A296F80031682C /* PBXTargetDependency */ = {
			isa = PBXTargetDependency;
			target = 286AA0DA22A296F30031682C /* WarFly */;
			targetProxy = 286AA10122A296F80031682C /* PBXContainerItemProxy */;
		};
/* End PBXTargetDependency section */

/* Begin PBXVariantGroup section */
		286AA0E822A296F30031682C /* Main.storyboard */ = {
			isa = PBXVariantGroup;
			children = (
				286AA0E922A296F30031682C /* Base */,
			);
			name = Main.storyboard;
			sourceTree = "<group>";
		};
		286AA0ED22A296F80031682C /* LaunchScreen.storyboard */ = {
			isa = PBXVariantGroup;
			children = (
				286AA0EE22A296F80031682C /* Base */,
			);
			name = LaunchScreen.storyboard;
			sourceTree = "<group>";
		};
/* End PBXVariantGroup section */

/* Begin XCBuildConfiguration section */
		286AA10722A296F80031682C /* Debug */ = {
			isa = XCBuildConfiguration;
			buildSettings = {
				ALWAYS_SEARCH_USER_PATHS = NO;
				CLANG_ANALYZER_NONNULL = YES;
				CLANG_ANALYZER_NUMBER_OBJECT_CONVERSION = YES_AGGRESSIVE;
				CLANG_CXX_LANGUAGE_STANDARD = "gnu++14";
				CLANG_CXX_LIBRARY = "libc++";
				CLANG_ENABLE_MODULES = YES;
				CLANG_ENABLE_OBJC_ARC = YES;
				CLANG_ENABLE_OBJC_WEAK = YES;
				CLANG_WARN_BLOCK_CAPTURE_AUTORELEASING = YES;
				CLANG_WARN_BOOL_CONVERSION = YES;
				CLANG_WARN_COMMA = YES;
				CLANG_WARN_CONSTANT_CONVERSION = YES;
				CLANG_WARN_DEPRECATED_OBJC_IMPLEMENTATIONS = YES;
				CLANG_WARN_DIRECT_OBJC_ISA_USAGE = YES_ERROR;
				CLANG_WARN_DOCUMENTATION_COMMENTS = YES;
				CLANG_WARN_EMPTY_BODY = YES;
				CLANG_WARN_ENUM_CONVERSION = YES;
				CLANG_WARN_INFINITE_RECURSION = YES;
				CLANG_WARN_INT_CONVERSION = YES;
				CLANG_WARN_NON_LITERAL_NULL_CONVERSION = YES;
				CLANG_WARN_OBJC_IMPLICIT_RETAIN_SELF = YES;
				CLANG_WARN_OBJC_LITERAL_CONVERSION = YES;
				CLANG_WARN_OBJC_ROOT_CLASS = YES_ERROR;
				CLANG_WARN_RANGE_LOOP_ANALYSIS = YES;
				CLANG_WARN_STRICT_PROTOTYPES = YES;
				CLANG_WARN_SUSPICIOUS_MOVE = YES;
				CLANG_WARN_UNGUARDED_AVAILABILITY = YES_AGGRESSIVE;
				CLANG_WARN_UNREACHABLE_CODE = YES;
				CLANG_WARN__DUPLICATE_METHOD_MATCH = YES;
				CODE_SIGN_IDENTITY = "iPhone Developer";
				COPY_PHASE_STRIP = NO;
				DEBUG_INFORMATION_FORMAT = dwarf;
				ENABLE_STRICT_OBJC_MSGSEND = YES;
				ENABLE_TESTABILITY = YES;
				GCC_C_LANGUAGE_STANDARD = gnu11;
				GCC_DYNAMIC_NO_PIC = NO;
				GCC_NO_COMMON_BLOCKS = YES;
				GCC_OPTIMIZATION_LEVEL = 0;
				GCC_PREPROCESSOR_DEFINITIONS = (
					"DEBUG=1",
					"$(inherited)",
				);
				GCC_WARN_64_TO_32_BIT_CONVERSION = YES;
				GCC_WARN_ABOUT_RETURN_TYPE = YES_ERROR;
				GCC_WARN_UNDECLARED_SELECTOR = YES;
				GCC_WARN_UNINITIALIZED_AUTOS = YES_AGGRESSIVE;
				GCC_WARN_UNUSED_FUNCTION = YES;
				GCC_WARN_UNUSED_VARIABLE = YES;
				IPHONEOS_DEPLOYMENT_TARGET = 11.0;
				MTL_ENABLE_DEBUG_INFO = INCLUDE_SOURCE;
				MTL_FAST_MATH = YES;
				ONLY_ACTIVE_ARCH = YES;
				SDKROOT = iphoneos;
				SWIFT_ACTIVE_COMPILATION_CONDITIONS = DEBUG;
				SWIFT_OPTIMIZATION_LEVEL = "-Onone";
			};
			name = Debug;
		};
		286AA10822A296F80031682C /* Release */ = {
			isa = XCBuildConfiguration;
			buildSettings = {
				ALWAYS_SEARCH_USER_PATHS = NO;
				CLANG_ANALYZER_NONNULL = YES;
				CLANG_ANALYZER_NUMBER_OBJECT_CONVERSION = YES_AGGRESSIVE;
				CLANG_CXX_LANGUAGE_STANDARD = "gnu++14";
				CLANG_CXX_LIBRARY = "libc++";
				CLANG_ENABLE_MODULES = YES;
				CLANG_ENABLE_OBJC_ARC = YES;
				CLANG_ENABLE_OBJC_WEAK = YES;
				CLANG_WARN_BLOCK_CAPTURE_AUTORELEASING = YES;
				CLANG_WARN_BOOL_CONVERSION = YES;
				CLANG_WARN_COMMA = YES;
				CLANG_WARN_CONSTANT_CONVERSION = YES;
				CLANG_WARN_DEPRECATED_OBJC_IMPLEMENTATIONS = YES;
				CLANG_WARN_DIRECT_OBJC_ISA_USAGE = YES_ERROR;
				CLANG_WARN_DOCUMENTATION_COMMENTS = YES;
				CLANG_WARN_EMPTY_BODY = YES;
				CLANG_WARN_ENUM_CONVERSION = YES;
				CLANG_WARN_INFINITE_RECURSION = YES;
				CLANG_WARN_INT_CONVERSION = YES;
				CLANG_WARN_NON_LITERAL_NULL_CONVERSION = YES;
				CLANG_WARN_OBJC_IMPLICIT_RETAIN_SELF = YES;
				CLANG_WARN_OBJC_LITERAL_CONVERSION = YES;
				CLANG_WARN_OBJC_ROOT_CLASS = YES_ERROR;
				CLANG_WARN_RANGE_LOOP_ANALYSIS = YES;
				CLANG_WARN_STRICT_PROTOTYPES = YES;
				CLANG_WARN_SUSPICIOUS_MOVE = YES;
				CLANG_WARN_UNGUARDED_AVAILABILITY = YES_AGGRESSIVE;
				CLANG_WARN_UNREACHABLE_CODE = YES;
				CLANG_WARN__DUPLICATE_METHOD_MATCH = YES;
				CODE_SIGN_IDENTITY = "iPhone Developer";
				COPY_PHASE_STRIP = NO;
				DEBUG_INFORMATION_FORMAT = "dwarf-with-dsym";
				ENABLE_NS_ASSERTIONS = NO;
				ENABLE_STRICT_OBJC_MSGSEND = YES;
				GCC_C_LANGUAGE_STANDARD = gnu11;
				GCC_NO_COMMON_BLOCKS = YES;
				GCC_WARN_64_TO_32_BIT_CONVERSION = YES;
				GCC_WARN_ABOUT_RETURN_TYPE = YES_ERROR;
				GCC_WARN_UNDECLARED_SELECTOR = YES;
				GCC_WARN_UNINITIALIZED_AUTOS = YES_AGGRESSIVE;
				GCC_WARN_UNUSED_FUNCTION = YES;
				GCC_WARN_UNUSED_VARIABLE = YES;
				IPHONEOS_DEPLOYMENT_TARGET = 11.0;
				MTL_ENABLE_DEBUG_INFO = NO;
				MTL_FAST_MATH = YES;
				SDKROOT = iphoneos;
				SWIFT_COMPILATION_MODE = wholemodule;
				SWIFT_OPTIMIZATION_LEVEL = "-O";
				VALIDATE_PRODUCT = YES;
			};
			name = Release;
		};
		286AA10A22A296F80031682C /* Debug */ = {
			isa = XCBuildConfiguration;
			buildSettings = {
				ASSETCATALOG_COMPILER_APPICON_NAME = AppIcon;
				CODE_SIGN_STYLE = Automatic;
				DEVELOPMENT_TEAM = WEQJN6ZVL9;
				INFOPLIST_FILE = WarFly/Info.plist;
				LD_RUNPATH_SEARCH_PATHS = (
					"$(inherited)",
					"@executable_path/Frameworks",
				);
				PRODUCT_BUNDLE_IDENTIFIER = dmitrii.dev.WarFly;
				PRODUCT_NAME = "$(TARGET_NAME)";
				SWIFT_VERSION = 5.0;
				TARGETED_DEVICE_FAMILY = "1,2";
			};
			name = Debug;
		};
		286AA10B22A296F80031682C /* Release */ = {
			isa = XCBuildConfiguration;
			buildSettings = {
				ASSETCATALOG_COMPILER_APPICON_NAME = AppIcon;
				CODE_SIGN_STYLE = Automatic;
				DEVELOPMENT_TEAM = WEQJN6ZVL9;
				INFOPLIST_FILE = WarFly/Info.plist;
				LD_RUNPATH_SEARCH_PATHS = (
					"$(inherited)",
					"@executable_path/Frameworks",
				);
				PRODUCT_BUNDLE_IDENTIFIER = dmitrii.dev.WarFly;
				PRODUCT_NAME = "$(TARGET_NAME)";
				SWIFT_VERSION = 5.0;
				TARGETED_DEVICE_FAMILY = "1,2";
			};
			name = Release;
		};
		286AA10D22A296F80031682C /* Debug */ = {
			isa = XCBuildConfiguration;
			buildSettings = {
				ALWAYS_EMBED_SWIFT_STANDARD_LIBRARIES = YES;
				BUNDLE_LOADER = "$(TEST_HOST)";
				CODE_SIGN_STYLE = Automatic;
				DEVELOPMENT_TEAM = WEQJN6ZVL9;
				INFOPLIST_FILE = WarFlyTests/Info.plist;
				LD_RUNPATH_SEARCH_PATHS = (
					"$(inherited)",
					"@executable_path/Frameworks",
					"@loader_path/Frameworks",
				);
				PRODUCT_BUNDLE_IDENTIFIER = dmitrii.dev.WarFlyTests;
				PRODUCT_NAME = "$(TARGET_NAME)";
				SWIFT_VERSION = 5.0;
				TARGETED_DEVICE_FAMILY = "1,2";
				TEST_HOST = "$(BUILT_PRODUCTS_DIR)/WarFly.app/WarFly";
			};
			name = Debug;
		};
		286AA10E22A296F80031682C /* Release */ = {
			isa = XCBuildConfiguration;
			buildSettings = {
				ALWAYS_EMBED_SWIFT_STANDARD_LIBRARIES = YES;
				BUNDLE_LOADER = "$(TEST_HOST)";
				CODE_SIGN_STYLE = Automatic;
				DEVELOPMENT_TEAM = WEQJN6ZVL9;
				INFOPLIST_FILE = WarFlyTests/Info.plist;
				LD_RUNPATH_SEARCH_PATHS = (
					"$(inherited)",
					"@executable_path/Frameworks",
					"@loader_path/Frameworks",
				);
				PRODUCT_BUNDLE_IDENTIFIER = dmitrii.dev.WarFlyTests;
				PRODUCT_NAME = "$(TARGET_NAME)";
				SWIFT_VERSION = 5.0;
				TARGETED_DEVICE_FAMILY = "1,2";
				TEST_HOST = "$(BUILT_PRODUCTS_DIR)/WarFly.app/WarFly";
			};
			name = Release;
		};
		286AA11022A296F80031682C /* Debug */ = {
			isa = XCBuildConfiguration;
			buildSettings = {
				ALWAYS_EMBED_SWIFT_STANDARD_LIBRARIES = YES;
				CODE_SIGN_STYLE = Automatic;
				DEVELOPMENT_TEAM = WEQJN6ZVL9;
				INFOPLIST_FILE = WarFlyUITests/Info.plist;
				LD_RUNPATH_SEARCH_PATHS = (
					"$(inherited)",
					"@executable_path/Frameworks",
					"@loader_path/Frameworks",
				);
				PRODUCT_BUNDLE_IDENTIFIER = dmitrii.dev.WarFlyUITests;
				PRODUCT_NAME = "$(TARGET_NAME)";
				SWIFT_VERSION = 5.0;
				TARGETED_DEVICE_FAMILY = "1,2";
				TEST_TARGET_NAME = WarFly;
			};
			name = Debug;
		};
		286AA11122A296F80031682C /* Release */ = {
			isa = XCBuildConfiguration;
			buildSettings = {
				ALWAYS_EMBED_SWIFT_STANDARD_LIBRARIES = YES;
				CODE_SIGN_STYLE = Automatic;
				DEVELOPMENT_TEAM = WEQJN6ZVL9;
				INFOPLIST_FILE = WarFlyUITests/Info.plist;
				LD_RUNPATH_SEARCH_PATHS = (
					"$(inherited)",
					"@executable_path/Frameworks",
					"@loader_path/Frameworks",
				);
				PRODUCT_BUNDLE_IDENTIFIER = dmitrii.dev.WarFlyUITests;
				PRODUCT_NAME = "$(TARGET_NAME)";
				SWIFT_VERSION = 5.0;
				TARGETED_DEVICE_FAMILY = "1,2";
				TEST_TARGET_NAME = WarFly;
			};
			name = Release;
		};
/* End XCBuildConfiguration section */

/* Begin XCConfigurationList section */
		286AA0D622A296F30031682C /* Build configuration list for PBXProject "WarFly" */ = {
			isa = XCConfigurationList;
			buildConfigurations = (
				286AA10722A296F80031682C /* Debug */,
				286AA10822A296F80031682C /* Release */,
			);
			defaultConfigurationIsVisible = 0;
			defaultConfigurationName = Release;
		};
		286AA10922A296F80031682C /* Build configuration list for PBXNativeTarget "WarFly" */ = {
			isa = XCConfigurationList;
			buildConfigurations = (
				286AA10A22A296F80031682C /* Debug */,
				286AA10B22A296F80031682C /* Release */,
			);
			defaultConfigurationIsVisible = 0;
			defaultConfigurationName = Release;
		};
		286AA10C22A296F80031682C /* Build configuration list for PBXNativeTarget "WarFlyTests" */ = {
			isa = XCConfigurationList;
			buildConfigurations = (
				286AA10D22A296F80031682C /* Debug */,
				286AA10E22A296F80031682C /* Release */,
			);
			defaultConfigurationIsVisible = 0;
			defaultConfigurationName = Release;
		};
		286AA10F22A296F80031682C /* Build configuration list for PBXNativeTarget "WarFlyUITests" */ = {
			isa = XCConfigurationList;
			buildConfigurations = (
				286AA11022A296F80031682C /* Debug */,
				286AA11122A296F80031682C /* Release */,
			);
			defaultConfigurationIsVisible = 0;
			defaultConfigurationName = Release;
		};
/* End XCConfigurationList section */
	};
	rootObject = 286AA0D322A296F30031682C /* Project object */;
}
